
Microsoft Visual Studio Solution File, Format Version 12.00
# Visual Studio 15
VisualStudioVersion = 15.0.28307.329
MinimumVisualStudioVersion = 10.0.40219.1
Project("{FAE04EC0-301F-11D3-BF4B-00C04F79EFBC}") = "MusicMood", "MusicMood\MusicMood.csproj", "{47683DD7-D48C-425F-B784-F964AFD440AB}"
EndProject
Global
	GlobalSection(SolutionConfigurationPlatforms) = preSolution
		Debug|Any CPU = Debug|Any CPU
		Release|Any CPU = Release|Any CPU
	EndGlobalSection
	GlobalSection(ProjectConfigurationPlatforms) = postSolution
		{47683DD7-D48C-425F-B784-F964AFD440AB}.Debug|Any CPU.ActiveCfg = Debug|Any CPU
		{47683DD7-D48C-425F-B784-F964AFD440AB}.Debug|Any CPU.Build.0 = Debug|Any CPU
		{47683DD7-D48C-425F-B784-F964AFD440AB}.Release|Any CPU.ActiveCfg = Release|Any CPU
		{47683DD7-D48C-425F-B784-F964AFD440AB}.Release|Any CPU.Build.0 = Release|Any CPU
	EndGlobalSection
	GlobalSection(SolutionProperties) = preSolution
		HideSolutionNode = FALSE
	EndGlobalSection
	GlobalSection(ExtensibilityGlobals) = postSolution
		SolutionGuid = {3A40EB08-3D4A-4576-B726-5E05C34A7139}
	EndGlobalSection
EndGlobal
